// !$*UTF8*$!
{
	archiveVersion = 1;
	classes = {
	};
	objectVersion = 56;
	objects = {

/* Begin PBXBuildFile section */
		F8A473B72AB19E5D00C079F0 /* ProjetMorpionApp.swift in Sources */ = {isa = PBXBuildFile; fileRef = F8A473B62AB19E5D00C079F0 /* ProjetMorpionApp.swift */; };
		F8A473B92AB19E5D00C079F0 /* ContentView.swift in Sources */ = {isa = PBXBuildFile; fileRef = F8A473B82AB19E5D00C079F0 /* ContentView.swift */; };
		F8A473BB2AB19E6000C079F0 /* Assets.xcassets in Resources */ = {isa = PBXBuildFile; fileRef = F8A473BA2AB19E6000C079F0 /* Assets.xcassets */; };
		F8A473BE2AB19E6000C079F0 /* Preview Assets.xcassets in Resources */ = {isa = PBXBuildFile; fileRef = F8A473BD2AB19E6000C079F0 /* Preview Assets.xcassets */; };
		F8A473C82AB19E6100C079F0 /* ProjetMorpionTests.swift in Sources */ = {isa = PBXBuildFile; fileRef = F8A473C72AB19E6100C079F0 /* ProjetMorpionTests.swift */; };
		F8A473D22AB19E6100C079F0 /* ProjetMorpionUITests.swift in Sources */ = {isa = PBXBuildFile; fileRef = F8A473D12AB19E6100C079F0 /* ProjetMorpionUITests.swift */; };
		F8A473D42AB19E6100C079F0 /* ProjetMorpionUITestsLaunchTests.swift in Sources */ = {isa = PBXBuildFile; fileRef = F8A473D32AB19E6100C079F0 /* ProjetMorpionUITestsLaunchTests.swift */; };
/* End PBXBuildFile section */

/* Begin PBXContainerItemProxy section */
		F8A473C42AB19E6100C079F0 /* PBXContainerItemProxy */ = {
			isa = PBXContainerItemProxy;
			containerPortal = F8A473AB2AB19E5D00C079F0 /* Project object */;
			proxyType = 1;
			remoteGlobalIDString = F8A473B22AB19E5D00C079F0;
			remoteInfo = ProjetMorpion;
		};
		F8A473CE2AB19E6100C079F0 /* PBXContainerItemProxy */ = {
			isa = PBXContainerItemProxy;
			containerPortal = F8A473AB2AB19E5D00C079F0 /* Project object */;
			proxyType = 1;
			remoteGlobalIDString = F8A473B22AB19E5D00C079F0;
			remoteInfo = ProjetMorpion;
		};
/* End PBXContainerItemProxy section */

/* Begin PBXFileReference section */
		F8A473B32AB19E5D00C079F0 /* ProjetMorpion.app */ = {isa = PBXFileReference; explicitFileType = wrapper.application; includeInIndex = 0; path = ProjetMorpion.app; sourceTree = BUILT_PRODUCTS_DIR; };
		F8A473B62AB19E5D00C079F0 /* ProjetMorpionApp.swift */ = {isa = PBXFileReference; lastKnownFileType = sourcecode.swift; path = ProjetMorpionApp.swift; sourceTree = "<group>"; };
		F8A473B82AB19E5D00C079F0 /* ContentView.swift */ = {isa = PBXFileReference; lastKnownFileType = sourcecode.swift; path = ContentView.swift; sourceTree = "<group>"; };
		F8A473BA2AB19E6000C079F0 /* Assets.xcassets */ = {isa = PBXFileReference; lastKnownFileType = folder.assetcatalog; path = Assets.xcassets; sourceTree = "<group>"; };
		F8A473BD2AB19E6000C079F0 /* Preview Assets.xcassets */ = {isa = PBXFileReference; lastKnownFileType = folder.assetcatalog; path = "Preview Assets.xcassets"; sourceTree = "<group>"; };
		F8A473C32AB19E6100C079F0 /* ProjetMorpionTests.xctest */ = {isa = PBXFileReference; explicitFileType = wrapper.cfbundle; includeInIndex = 0; path = ProjetMorpionTests.xctest; sourceTree = BUILT_PRODUCTS_DIR; };
		F8A473C72AB19E6100C079F0 /* ProjetMorpionTests.swift */ = {isa = PBXFileReference; lastKnownFileType = sourcecode.swift; path = ProjetMorpionTests.swift; sourceTree = "<group>"; };
		F8A473CD2AB19E6100C079F0 /* ProjetMorpionUITests.xctest */ = {isa = PBXFileReference; explicitFileType = wrapper.cfbundle; includeInIndex = 0; path = ProjetMorpionUITests.xctest; sourceTree = BUILT_PRODUCTS_DIR; };
		F8A473D12AB19E6100C079F0 /* ProjetMorpionUITests.swift */ = {isa = PBXFileReference; lastKnownFileType = sourcecode.swift; path = ProjetMorpionUITests.swift; sourceTree = "<group>"; };
		F8A473D32AB19E6100C079F0 /* ProjetMorpionUITestsLaunchTests.swift */ = {isa = PBXFileReference; lastKnownFileType = sourcecode.swift; path = ProjetMorpionUITestsLaunchTests.swift; sourceTree = "<group>"; };
/* End PBXFileReference section */

/* Begin PBXFrameworksBuildPhase section */
		F8A473B02AB19E5D00C079F0 /* Frameworks */ = {
			isa = PBXFrameworksBuildPhase;
			buildActionMask = 2147483647;
			files = (
			);
			runOnlyForDeploymentPostprocessing = 0;
		};
		F8A473C02AB19E6100C079F0 /* Frameworks */ = {
			isa = PBXFrameworksBuildPhase;
			buildActionMask = 2147483647;
			files = (
			);
			runOnlyForDeploymentPostprocessing = 0;
		};
		F8A473CA2AB19E6100C079F0 /* Frameworks */ = {
			isa = PBXFrameworksBuildPhase;
			buildActionMask = 2147483647;
			files = (
			);
			runOnlyForDeploymentPostprocessing = 0;
		};
/* End PBXFrameworksBuildPhase section */

/* Begin PBXGroup section */
		F8A473AA2AB19E5D00C079F0 = {
			isa = PBXGroup;
			children = (
				F8A473B52AB19E5D00C079F0 /* ProjetMorpion */,
				F8A473C62AB19E6100C079F0 /* ProjetMorpionTests */,
				F8A473D02AB19E6100C079F0 /* ProjetMorpionUITests */,
				F8A473B42AB19E5D00C079F0 /* Products */,
			);
			sourceTree = "<group>";
		};
		F8A473B42AB19E5D00C079F0 /* Products */ = {
			isa = PBXGroup;
			children = (
				F8A473B32AB19E5D00C079F0 /* ProjetMorpion.app */,
				F8A473C32AB19E6100C079F0 /* ProjetMorpionTests.xctest */,
				F8A473CD2AB19E6100C079F0 /* ProjetMorpionUITests.xctest */,
			);
			name = Products;
			sourceTree = "<group>";
		};
		F8A473B52AB19E5D00C079F0 /* ProjetMorpion */ = {
			isa = PBXGroup;
			children = (
				F8A473B62AB19E5D00C079F0 /* ProjetMorpionApp.swift */,
				F8A473B82AB19E5D00C079F0 /* ContentView.swift */,
				F8A473BA2AB19E6000C079F0 /* Assets.xcassets */,
				F8A473BC2AB19E6000C079F0 /* Preview Content */,
			);
			path = ProjetMorpion;
			sourceTree = "<group>";
		};
		F8A473BC2AB19E6000C079F0 /* Preview Content */ = {
			isa = PBXGroup;
			children = (
				F8A473BD2AB19E6000C079F0 /* Preview Assets.xcassets */,
			);
			path = "Preview Content";
			sourceTree = "<group>";
		};
		F8A473C62AB19E6100C079F0 /* ProjetMorpionTests */ = {
			isa = PBXGroup;
			children = (
				F8A473C72AB19E6100C079F0 /* ProjetMorpionTests.swift */,
			);
			path = ProjetMorpionTests;
			sourceTree = "<group>";
		};
		F8A473D02AB19E6100C079F0 /* ProjetMorpionUITests */ = {
			isa = PBXGroup;
			children = (
				F8A473D12AB19E6100C079F0 /* ProjetMorpionUITests.swift */,
				F8A473D32AB19E6100C079F0 /* ProjetMorpionUITestsLaunchTests.swift */,
			);
			path = ProjetMorpionUITests;
			sourceTree = "<group>";
		};
/* End PBXGroup section */

/* Begin PBXNativeTarget section */
		F8A473B22AB19E5D00C079F0 /* ProjetMorpion */ = {
			isa = PBXNativeTarget;
			buildConfigurationList = F8A473D72AB19E6100C079F0 /* Build configuration list for PBXNativeTarget "ProjetMorpion" */;
			buildPhases = (
				F8A473AF2AB19E5D00C079F0 /* Sources */,
				F8A473B02AB19E5D00C079F0 /* Frameworks */,
				F8A473B12AB19E5D00C079F0 /* Resources */,
			);
			buildRules = (
			);
			dependencies = (
			);
			name = ProjetMorpion;
			productName = ProjetMorpion;
			productReference = F8A473B32AB19E5D00C079F0 /* ProjetMorpion.app */;
			productType = "com.apple.product-type.application";
		};
		F8A473C22AB19E6100C079F0 /* ProjetMorpionTests */ = {
			isa = PBXNativeTarget;
			buildConfigurationList = F8A473DA2AB19E6100C079F0 /* Build configuration list for PBXNativeTarget "ProjetMorpionTests" */;
			buildPhases = (
				F8A473BF2AB19E6100C079F0 /* Sources */,
				F8A473C02AB19E6100C079F0 /* Frameworks */,
				F8A473C12AB19E6100C079F0 /* Resources */,
			);
			buildRules = (
			);
			dependencies = (
				F8A473C52AB19E6100C079F0 /* PBXTargetDependency */,
			);
			name = ProjetMorpionTests;
			productName = ProjetMorpionTests;
			productReference = F8A473C32AB19E6100C079F0 /* ProjetMorpionTests.xctest */;
			productType = "com.apple.product-type.bundle.unit-test";
		};
		F8A473CC2AB19E6100C079F0 /* ProjetMorpionUITests */ = {
			isa = PBXNativeTarget;
			buildConfigurationList = F8A473DD2AB19E6100C079F0 /* Build configuration list for PBXNativeTarget "ProjetMorpionUITests" */;
			buildPhases = (
				F8A473C92AB19E6100C079F0 /* Sources */,
				F8A473CA2AB19E6100C079F0 /* Frameworks */,
				F8A473CB2AB19E6100C079F0 /* Resources */,
			);
			buildRules = (
			);
			dependencies = (
				F8A473CF2AB19E6100C079F0 /* PBXTargetDependency */,
			);
			name = ProjetMorpionUITests;
			productName = ProjetMorpionUITests;
			productReference = F8A473CD2AB19E6100C079F0 /* ProjetMorpionUITests.xctest */;
			productType = "com.apple.product-type.bundle.ui-testing";
		};
/* End PBXNativeTarget section */

/* Begin PBXProject section */
		F8A473AB2AB19E5D00C079F0 /* Project object */ = {
			isa = PBXProject;
			attributes = {
				BuildIndependentTargetsInParallel = 1;
				LastSwiftUpdateCheck = 1420;
				LastUpgradeCheck = 1420;
				TargetAttributes = {
					F8A473B22AB19E5D00C079F0 = {
						CreatedOnToolsVersion = 14.2;
					};
					F8A473C22AB19E6100C079F0 = {
						CreatedOnToolsVersion = 14.2;
						TestTargetID = F8A473B22AB19E5D00C079F0;
					};
					F8A473CC2AB19E6100C079F0 = {
						CreatedOnToolsVersion = 14.2;
						TestTargetID = F8A473B22AB19E5D00C079F0;
					};
				};
			};
			buildConfigurationList = F8A473AE2AB19E5D00C079F0 /* Build configuration list for PBXProject "ProjetMorpion" */;
			compatibilityVersion = "Xcode 14.0";
			developmentRegion = en;
			hasScannedForEncodings = 0;
			knownRegions = (
				en,
				Base,
			);
			mainGroup = F8A473AA2AB19E5D00C079F0;
			productRefGroup = F8A473B42AB19E5D00C079F0 /* Products */;
			projectDirPath = "";
			projectRoot = "";
			targets = (
				F8A473B22AB19E5D00C079F0 /* ProjetMorpion */,
				F8A473C22AB19E6100C079F0 /* ProjetMorpionTests */,
				F8A473CC2AB19E6100C079F0 /* ProjetMorpionUITests */,
			);
		};
/* End PBXProject section */

/* Begin PBXResourcesBuildPhase section */
		F8A473B12AB19E5D00C079F0 /* Resources */ = {
			isa = PBXResourcesBuildPhase;
			buildActionMask = 2147483647;
			files = (
				F8A473BE2AB19E6000C079F0 /* Preview Assets.xcassets in Resources */,
				F8A473BB2AB19E6000C079F0 /* Assets.xcassets in Resources */,
			);
			runOnlyForDeploymentPostprocessing = 0;
		};
		F8A473C12AB19E6100C079F0 /* Resources */ = {
			isa = PBXResourcesBuildPhase;
			buildActionMask = 2147483647;
			files = (
			);
			runOnlyForDeploymentPostprocessing = 0;
		};
		F8A473CB2AB19E6100C079F0 /* Resources */ = {
			isa = PBXResourcesBuildPhase;
			buildActionMask = 2147483647;
			files = (
			);
			runOnlyForDeploymentPostprocessing = 0;
		};
/* End PBXResourcesBuildPhase section */

/* Begin PBXSourcesBuildPhase section */
		F8A473AF2AB19E5D00C079F0 /* Sources */ = {
			isa = PBXSourcesBuildPhase;
			buildActionMask = 2147483647;
			files = (
				F8A473B92AB19E5D00C079F0 /* ContentView.swift in Sources */,
				F8A473B72AB19E5D00C079F0 /* ProjetMorpionApp.swift in Sources */,
			);
			runOnlyForDeploymentPostprocessing = 0;
		};
		F8A473BF2AB19E6100C079F0 /* Sources */ = {
			isa = PBXSourcesBuildPhase;
			buildActionMask = 2147483647;
			files = (
				F8A473C82AB19E6100C079F0 /* ProjetMorpionTests.swift in Sources */,
			);
			runOnlyForDeploymentPostprocessing = 0;
		};
		F8A473C92AB19E6100C079F0 /* Sources */ = {
			isa = PBXSourcesBuildPhase;
			buildActionMask = 2147483647;
			files = (
				F8A473D22AB19E6100C079F0 /* ProjetMorpionUITests.swift in Sources */,
				F8A473D42AB19E6100C079F0 /* ProjetMorpionUITestsLaunchTests.swift in Sources */,
			);
			runOnlyForDeploymentPostprocessing = 0;
		};
/* End PBXSourcesBuildPhase section */

/* Begin PBXTargetDependency section */
		F8A473C52AB19E6100C079F0 /* PBXTargetDependency */ = {
			isa = PBXTargetDependency;
			target = F8A473B22AB19E5D00C079F0 /* ProjetMorpion */;
			targetProxy = F8A473C42AB19E6100C079F0 /* PBXContainerItemProxy */;
		};
		F8A473CF2AB19E6100C079F0 /* PBXTargetDependency */ = {
			isa = PBXTargetDependency;
			target = F8A473B22AB19E5D00C079F0 /* ProjetMorpion */;
			targetProxy = F8A473CE2AB19E6100C079F0 /* PBXContainerItemProxy */;
		};
/* End PBXTargetDependency section */

/* Begin XCBuildConfiguration section */
		F8A473D52AB19E6100C079F0 /* Debug */ = {
			isa = XCBuildConfiguration;
			buildSettings = {
				ALWAYS_SEARCH_USER_PATHS = NO;
				CLANG_ANALYZER_NONNULL = YES;
				CLANG_ANALYZER_NUMBER_OBJECT_CONVERSION = YES_AGGRESSIVE;
				CLANG_CXX_LANGUAGE_STANDARD = "gnu++20";
				CLANG_ENABLE_MODULES = YES;
				CLANG_ENABLE_OBJC_ARC = YES;
				CLANG_ENABLE_OBJC_WEAK = YES;
				CLANG_WARN_BLOCK_CAPTURE_AUTORELEASING = YES;
				CLANG_WARN_BOOL_CONVERSION = YES;
				CLANG_WARN_COMMA = YES;
				CLANG_WARN_CONSTANT_CONVERSION = YES;
				CLANG_WARN_DEPRECATED_OBJC_IMPLEMENTATIONS = YES;
				CLANG_WARN_DIRECT_OBJC_ISA_USAGE = YES_ERROR;
				CLANG_WARN_DOCUMENTATION_COMMENTS = YES;
				CLANG_WARN_EMPTY_BODY = YES;
				CLANG_WARN_ENUM_CONVERSION = YES;
				CLANG_WARN_INFINITE_RECURSION = YES;
				CLANG_WARN_INT_CONVERSION = YES;
				CLANG_WARN_NON_LITERAL_NULL_CONVERSION = YES;
				CLANG_WARN_OBJC_IMPLICIT_RETAIN_SELF = YES;
				CLANG_WARN_OBJC_LITERAL_CONVERSION = YES;
				CLANG_WARN_OBJC_ROOT_CLASS = YES_ERROR;
				CLANG_WARN_QUOTED_INCLUDE_IN_FRAMEWORK_HEADER = YES;
				CLANG_WARN_RANGE_LOOP_ANALYSIS = YES;
				CLANG_WARN_STRICT_PROTOTYPES = YES;
				CLANG_WARN_SUSPICIOUS_MOVE = YES;
				CLANG_WARN_UNGUARDED_AVAILABILITY = YES_AGGRESSIVE;
				CLANG_WARN_UNREACHABLE_CODE = YES;
				CLANG_WARN__DUPLICATE_METHOD_MATCH = YES;
				COPY_PHASE_STRIP = NO;
				DEBUG_INFORMATION_FORMAT = dwarf;
				ENABLE_STRICT_OBJC_MSGSEND = YES;
				ENABLE_TESTABILITY = YES;
				GCC_C_LANGUAGE_STANDARD = gnu11;
				GCC_DYNAMIC_NO_PIC = NO;
				GCC_NO_COMMON_BLOCKS = YES;
				GCC_OPTIMIZATION_LEVEL = 0;
				GCC_PREPROCESSOR_DEFINITIONS = (
					"DEBUG=1",
					"$(inherited)",
				);
				GCC_WARN_64_TO_32_BIT_CONVERSION = YES;
				GCC_WARN_ABOUT_RETURN_TYPE = YES_ERROR;
				GCC_WARN_UNDECLARED_SELECTOR = YES;
				GCC_WARN_UNINITIALIZED_AUTOS = YES_AGGRESSIVE;
				GCC_WARN_UNUSED_FUNCTION = YES;
				GCC_WARN_UNUSED_VARIABLE = YES;
				IPHONEOS_DEPLOYMENT_TARGET = 16.2;
				MTL_ENABLE_DEBUG_INFO = INCLUDE_SOURCE;
				MTL_FAST_MATH = YES;
				ONLY_ACTIVE_ARCH = YES;
				SDKROOT = iphoneos;
				SWIFT_ACTIVE_COMPILATION_CONDITIONS = DEBUG;
				SWIFT_OPTIMIZATION_LEVEL = "-Onone";
			};
			name = Debug;
		};
		F8A473D62AB19E6100C079F0 /* Release */ = {
			isa = XCBuildConfiguration;
			buildSettings = {
				ALWAYS_SEARCH_USER_PATHS = NO;
				CLANG_ANALYZER_NONNULL = YES;
				CLANG_ANALYZER_NUMBER_OBJECT_CONVERSION = YES_AGGRESSIVE;
				CLANG_CXX_LANGUAGE_STANDARD = "gnu++20";
				CLANG_ENABLE_MODULES = YES;
				CLANG_ENABLE_OBJC_ARC = YES;
				CLANG_ENABLE_OBJC_WEAK = YES;
				CLANG_WARN_BLOCK_CAPTURE_AUTORELEASING = YES;
				CLANG_WARN_BOOL_CONVERSION = YES;
				CLANG_WARN_COMMA = YES;
				CLANG_WARN_CONSTANT_CONVERSION = YES;
				CLANG_WARN_DEPRECATED_OBJC_IMPLEMENTATIONS = YES;
				CLANG_WARN_DIRECT_OBJC_ISA_USAGE = YES_ERROR;
				CLANG_WARN_DOCUMENTATION_COMMENTS = YES;
				CLANG_WARN_EMPTY_BODY = YES;
				CLANG_WARN_ENUM_CONVERSION = YES;
				CLANG_WARN_INFINITE_RECURSION = YES;
				CLANG_WARN_INT_CONVERSION = YES;
				CLANG_WARN_NON_LITERAL_NULL_CONVERSION = YES;
				CLANG_WARN_OBJC_IMPLICIT_RETAIN_SELF = YES;
				CLANG_WARN_OBJC_LITERAL_CONVERSION = YES;
				CLANG_WARN_OBJC_ROOT_CLASS = YES_ERROR;
				CLANG_WARN_QUOTED_INCLUDE_IN_FRAMEWORK_HEADER = YES;
				CLANG_WARN_RANGE_LOOP_ANALYSIS = YES;
				CLANG_WARN_STRICT_PROTOTYPES = YES;
				CLANG_WARN_SUSPICIOUS_MOVE = YES;
				CLANG_WARN_UNGUARDED_AVAILABILITY = YES_AGGRESSIVE;
				CLANG_WARN_UNREACHABLE_CODE = YES;
				CLANG_WARN__DUPLICATE_METHOD_MATCH = YES;
				COPY_PHASE_STRIP = NO;
				DEBUG_INFORMATION_FORMAT = "dwarf-with-dsym";
				ENABLE_NS_ASSERTIONS = NO;
				ENABLE_STRICT_OBJC_MSGSEND = YES;
				GCC_C_LANGUAGE_STANDARD = gnu11;
				GCC_NO_COMMON_BLOCKS = YES;
				GCC_WARN_64_TO_32_BIT_CONVERSION = YES;
				GCC_WARN_ABOUT_RETURN_TYPE = YES_ERROR;
				GCC_WARN_UNDECLARED_SELECTOR = YES;
				GCC_WARN_UNINITIALIZED_AUTOS = YES_AGGRESSIVE;
				GCC_WARN_UNUSED_FUNCTION = YES;
				GCC_WARN_UNUSED_VARIABLE = YES;
				IPHONEOS_DEPLOYMENT_TARGET = 16.2;
				MTL_ENABLE_DEBUG_INFO = NO;
				MTL_FAST_MATH = YES;
				SDKROOT = iphoneos;
				SWIFT_COMPILATION_MODE = wholemodule;
				SWIFT_OPTIMIZATION_LEVEL = "-O";
				VALIDATE_PRODUCT = YES;
			};
			name = Release;
		};
		F8A473D82AB19E6100C079F0 /* Debug */ = {
			isa = XCBuildConfiguration;
			buildSettings = {
				ASSETCATALOG_COMPILER_APPICON_NAME = AppIcon;
				ASSETCATALOG_COMPILER_GLOBAL_ACCENT_COLOR_NAME = AccentColor;
				CODE_SIGN_STYLE = Automatic;
				CURRENT_PROJECT_VERSION = 1;
				DEVELOPMENT_ASSET_PATHS = "\"ProjetMorpion/Preview Content\"";
				ENABLE_PREVIEWS = YES;
				GENERATE_INFOPLIST_FILE = YES;
				INFOPLIST_KEY_UIApplicationSceneManifest_Generation = YES;
				INFOPLIST_KEY_UIApplicationSupportsIndirectInputEvents = YES;
				INFOPLIST_KEY_UILaunchScreen_Generation = YES;
				INFOPLIST_KEY_UISupportedInterfaceOrientations_iPad = "UIInterfaceOrientationPortrait UIInterfaceOrientationPortraitUpsideDown UIInterfaceOrientationLandscapeLeft UIInterfaceOrientationLandscapeRight";
				INFOPLIST_KEY_UISupportedInterfaceOrientations_iPhone = "UIInterfaceOrientationPortrait UIInterfaceOrientationLandscapeLeft UIInterfaceOrientationLandscapeRight";
				LD_RUNPATH_SEARCH_PATHS = (
					"$(inherited)",
					"@executable_path/Frameworks",
				);
				MARKETING_VERSION = 1.0;
				PRODUCT_BUNDLE_IDENTIFIER = ex2.ProjetMorpion;
				PRODUCT_NAME = "$(TARGET_NAME)";
				SWIFT_EMIT_LOC_STRINGS = YES;
				SWIFT_VERSION = 5.0;
				TARGETED_DEVICE_FAMILY = "1,2";
			};
			name = Debug;
		};
		F8A473D92AB19E6100C079F0 /* Release */ = {
			isa = XCBuildConfiguration;
			buildSettings = {
				ASSETCATALOG_COMPILER_APPICON_NAME = AppIcon;
				ASSETCATALOG_COMPILER_GLOBAL_ACCENT_COLOR_NAME = AccentColor;
				CODE_SIGN_STYLE = Automatic;
				CURRENT_PROJECT_VERSION = 1;
				DEVELOPMENT_ASSET_PATHS = "\"ProjetMorpion/Preview Content\"";
				ENABLE_PREVIEWS = YES;
				GENERATE_INFOPLIST_FILE = YES;
				INFOPLIST_KEY_UIApplicationSceneManifest_Generation = YES;
				INFOPLIST_KEY_UIApplicationSupportsIndirectInputEvents = YES;
				INFOPLIST_KEY_UILaunchScreen_Generation = YES;
				INFOPLIST_KEY_UISupportedInterfaceOrientations_iPad = "UIInterfaceOrientationPortrait UIInterfaceOrientationPortraitUpsideDown UIInterfaceOrientationLandscapeLeft UIInterfaceOrientationLandscapeRight";
				INFOPLIST_KEY_UISupportedInterfaceOrientations_iPhone = "UIInterfaceOrientationPortrait UIInterfaceOrientationLandscapeLeft UIInterfaceOrientationLandscapeRight";
				LD_RUNPATH_SEARCH_PATHS = (
					"$(inherited)",
					"@executable_path/Frameworks",
				);
				MARKETING_VERSION = 1.0;
				PRODUCT_BUNDLE_IDENTIFIER = ex2.ProjetMorpion;
				PRODUCT_NAME = "$(TARGET_NAME)";
				SWIFT_EMIT_LOC_STRINGS = YES;
				SWIFT_VERSION = 5.0;
				TARGETED_DEVICE_FAMILY = "1,2";
			};
			name = Release;
		};
		F8A473DB2AB19E6100C079F0 /* Debug */ = {
			isa = XCBuildConfiguration;
			buildSettings = {
				ALWAYS_EMBED_SWIFT_STANDARD_LIBRARIES = YES;
				BUNDLE_LOADER = "$(TEST_HOST)";
				CODE_SIGN_STYLE = Automatic;
				CURRENT_PROJECT_VERSION = 1;
				GENERATE_INFOPLIST_FILE = YES;
				IPHONEOS_DEPLOYMENT_TARGET = 16.2;
				MARKETING_VERSION = 1.0;
				PRODUCT_BUNDLE_IDENTIFIER = ex2.ProjetMorpionTests;
				PRODUCT_NAME = "$(TARGET_NAME)";
				SWIFT_EMIT_LOC_STRINGS = NO;
				SWIFT_VERSION = 5.0;
				TARGETED_DEVICE_FAMILY = "1,2";
				TEST_HOST = "$(BUILT_PRODUCTS_DIR)/ProjetMorpion.app/$(BUNDLE_EXECUTABLE_FOLDER_PATH)/ProjetMorpion";
			};
			name = Debug;
		};
		F8A473DC2AB19E6100C079F0 /* Release */ = {
			isa = XCBuildConfiguration;
			buildSettings = {
				ALWAYS_EMBED_SWIFT_STANDARD_LIBRARIES = YES;
				BUNDLE_LOADER = "$(TEST_HOST)";
				CODE_SIGN_STYLE = Automatic;
				CURRENT_PROJECT_VERSION = 1;
				GENERATE_INFOPLIST_FILE = YES;
				IPHONEOS_DEPLOYMENT_TARGET = 16.2;
				MARKETING_VERSION = 1.0;
				PRODUCT_BUNDLE_IDENTIFIER = ex2.ProjetMorpionTests;
				PRODUCT_NAME = "$(TARGET_NAME)";
				SWIFT_EMIT_LOC_STRINGS = NO;
				SWIFT_VERSION = 5.0;
				TARGETED_DEVICE_FAMILY = "1,2";
				TEST_HOST = "$(BUILT_PRODUCTS_DIR)/ProjetMorpion.app/$(BUNDLE_EXECUTABLE_FOLDER_PATH)/ProjetMorpion";
			};
			name = Release;
		};
		F8A473DE2AB19E6100C079F0 /* Debug */ = {
			isa = XCBuildConfiguration;
			buildSettings = {
				ALWAYS_EMBED_SWIFT_STANDARD_LIBRARIES = YES;
				CODE_SIGN_STYLE = Automatic;
				CURRENT_PROJECT_VERSION = 1;
				GENERATE_INFOPLIST_FILE = YES;
				MARKETING_VERSION = 1.0;
				PRODUCT_BUNDLE_IDENTIFIER = ex2.ProjetMorpionUITests;
				PRODUCT_NAME = "$(TARGET_NAME)";
				SWIFT_EMIT_LOC_STRINGS = NO;
				SWIFT_VERSION = 5.0;
				TARGETED_DEVICE_FAMILY = "1,2";
				TEST_TARGET_NAME = ProjetMorpion;
			};
			name = Debug;
		};
		F8A473DF2AB19E6100C079F0 /* Release */ = {
			isa = XCBuildConfiguration;
			buildSettings = {
				ALWAYS_EMBED_SWIFT_STANDARD_LIBRARIES = YES;
				CODE_SIGN_STYLE = Automatic;
				CURRENT_PROJECT_VERSION = 1;
				GENERATE_INFOPLIST_FILE = YES;
				MARKETING_VERSION = 1.0;
				PRODUCT_BUNDLE_IDENTIFIER = ex2.ProjetMorpionUITests;
				PRODUCT_NAME = "$(TARGET_NAME)";
				SWIFT_EMIT_LOC_STRINGS = NO;
				SWIFT_VERSION = 5.0;
				TARGETED_DEVICE_FAMILY = "1,2";
				TEST_TARGET_NAME = ProjetMorpion;
			};
			name = Release;
		};
/* End XCBuildConfiguration section */

/* Begin XCConfigurationList section */
		F8A473AE2AB19E5D00C079F0 /* Build configuration list for PBXProject "ProjetMorpion" */ = {
			isa = XCConfigurationList;
			buildConfigurations = (
				F8A473D52AB19E6100C079F0 /* Debug */,
				F8A473D62AB19E6100C079F0 /* Release */,
			);
			defaultConfigurationIsVisible = 0;
			defaultConfigurationName = Release;
		};
		F8A473D72AB19E6100C079F0 /* Build configuration list for PBXNativeTarget "ProjetMorpion" */ = {
			isa = XCConfigurationList;
			buildConfigurations = (
				F8A473D82AB19E6100C079F0 /* Debug */,
				F8A473D92AB19E6100C079F0 /* Release */,
			);
			defaultConfigurationIsVisible = 0;
			defaultConfigurationName = Release;
		};
		F8A473DA2AB19E6100C079F0 /* Build configuration list for PBXNativeTarget "ProjetMorpionTests" */ = {
			isa = XCConfigurationList;
			buildConfigurations = (
				F8A473DB2AB19E6100C079F0 /* Debug */,
				F8A473DC2AB19E6100C079F0 /* Release */,
			);
			defaultConfigurationIsVisible = 0;
			defaultConfigurationName = Release;
		};
		F8A473DD2AB19E6100C079F0 /* Build configuration list for PBXNativeTarget "ProjetMorpionUITests" */ = {
			isa = XCConfigurationList;
			buildConfigurations = (
				F8A473DE2AB19E6100C079F0 /* Debug */,
				F8A473DF2AB19E6100C079F0 /* Release */,
			);
			defaultConfigurationIsVisible = 0;
			defaultConfigurationName = Release;
		};
/* End XCConfigurationList section */
	};
	rootObject = F8A473AB2AB19E5D00C079F0 /* Project object */;
}
